{
  "name": "cae-knowledge-demo",
  "version": "0.1.0",
  "lockfileVersion": 3,
  "requires": true,
  "packages": {
    "": {
      "name": "cae-knowledge-demo",
      "version": "0.1.0",
      "license": "UNLICENSED",
      "dependencies": {
        "occt-import-js": "0.0.23",
        "three": "0.180.0"
      }
    },
    "node_modules/occt-import-js": {
      "version": "0.0.23",
      "resolved": "https://registry.npmjs.org/occt-import-js/-/occt-import-js-0.0.23.tgz",
      "integrity": "sha512-RFfYQXYFX5C1mB1Aywm0ShcUKzXOr/VzTnlzhBSDJOR6YCAPt1HYCzeXWg1vwwjn/cUxwqRNhhtf1dlewoZYCQ==",
      "license": "LGPL-2.1"
    },
    "node_modules/three": {
      "version": "0.180.0",
      "resolved": "https://registry.npmjs.org/three/-/three-0.180.0.tgz",
      "integrity": "sha512-o+qycAMZrh+TsE01GqWUxUIKR1AL0S8pq7zDkYOQw8GqfX8b8VoCKYUoHbhiX5j+7hr8XsuHDVU6+gkQJQKg9w==",
      "license": "MIT"
    }
  }
}
